// !$*UTF8*$!
{
	archiveVersion = 1;
	classes = {
	};
	objectVersion = 56;
	objects = {

/* Begin PBXBuildFile section */
		486EDE4729C57C4A00FA425B /* AppDelegate.swift in Sources */ = {isa = PBXBuildFile; fileRef = 486EDE4629C57C4A00FA425B /* AppDelegate.swift */; };
		486EDE4929C57C4A00FA425B /* SceneDelegate.swift in Sources */ = {isa = PBXBuildFile; fileRef = 486EDE4829C57C4A00FA425B /* SceneDelegate.swift */; };
		486EDE4E29C57C4A00FA425B /* Main.storyboard in Resources */ = {isa = PBXBuildFile; fileRef = 486EDE4C29C57C4A00FA425B /* Main.storyboard */; };
		486EDE5029C57C4B00FA425B /* Assets.xcassets in Resources */ = {isa = PBXBuildFile; fileRef = 486EDE4F29C57C4B00FA425B /* Assets.xcassets */; };
		486EDE5329C57C4B00FA425B /* LaunchScreen.storyboard in Resources */ = {isa = PBXBuildFile; fileRef = 486EDE5129C57C4B00FA425B /* LaunchScreen.storyboard */; };
		486EDE5E29C57DCC00FA425B /* WelcomeViewController.swift in Sources */ = {isa = PBXBuildFile; fileRef = 486EDE5D29C57DCC00FA425B /* WelcomeViewController.swift */; };
		486EDE6029C57E0600FA425B /* RegisterViewController.swift in Sources */ = {isa = PBXBuildFile; fileRef = 486EDE5F29C57E0600FA425B /* RegisterViewController.swift */; };
		486EDE6229C57E2600FA425B /* ChatViewController.swift in Sources */ = {isa = PBXBuildFile; fileRef = 486EDE6129C57E2600FA425B /* ChatViewController.swift */; };
		486EDE6429C57E4D00FA425B /* LoginViewController.swift in Sources */ = {isa = PBXBuildFile; fileRef = 486EDE6329C57E4D00FA425B /* LoginViewController.swift */; };
		486EDE6629C6D7CC00FA425B /* GoogleService-Info.plist in Resources */ = {isa = PBXBuildFile; fileRef = 486EDE6529C6D7CC00FA425B /* GoogleService-Info.plist */; };
		486EDE6829C6E24B00FA425B /* ValidationsCheck.swift in Sources */ = {isa = PBXBuildFile; fileRef = 486EDE6729C6E24B00FA425B /* ValidationsCheck.swift */; };
		AE092682D716F08B4A3B3E0E /* Pods_Flash_Chat.framework in Frameworks */ = {isa = PBXBuildFile; fileRef = 76CE0328D60356E0C142F2A1 /* Pods_Flash_Chat.framework */; };
/* End PBXBuildFile section */

/* Begin PBXFileReference section */
		18B328E0330BA14B0CEA8494 /* Pods-Flash-Chat.debug.xcconfig */ = {isa = PBXFileReference; includeInIndex = 1; lastKnownFileType = text.xcconfig; name = "Pods-Flash-Chat.debug.xcconfig"; path = "Target Support Files/Pods-Flash-Chat/Pods-Flash-Chat.debug.xcconfig"; sourceTree = "<group>"; };
		486EDE4329C57C4A00FA425B /* Flash-Chat.app */ = {isa = PBXFileReference; explicitFileType = wrapper.application; includeInIndex = 0; path = "Flash-Chat.app"; sourceTree = BUILT_PRODUCTS_DIR; };
		486EDE4629C57C4A00FA425B /* AppDelegate.swift */ = {isa = PBXFileReference; lastKnownFileType = sourcecode.swift; path = AppDelegate.swift; sourceTree = "<group>"; };
		486EDE4829C57C4A00FA425B /* SceneDelegate.swift */ = {isa = PBXFileReference; lastKnownFileType = sourcecode.swift; path = SceneDelegate.swift; sourceTree = "<group>"; };
		486EDE4D29C57C4A00FA425B /* Base */ = {isa = PBXFileReference; lastKnownFileType = file.storyboard; name = Base; path = Base.lproj/Main.storyboard; sourceTree = "<group>"; };
		486EDE4F29C57C4B00FA425B /* Assets.xcassets */ = {isa = PBXFileReference; lastKnownFileType = folder.assetcatalog; path = Assets.xcassets; sourceTree = "<group>"; };
		486EDE5229C57C4B00FA425B /* Base */ = {isa = PBXFileReference; lastKnownFileType = file.storyboard; name = Base; path = Base.lproj/LaunchScreen.storyboard; sourceTree = "<group>"; };
		486EDE5429C57C4B00FA425B /* Info.plist */ = {isa = PBXFileReference; lastKnownFileType = text.plist.xml; path = Info.plist; sourceTree = "<group>"; };
		486EDE5D29C57DCC00FA425B /* WelcomeViewController.swift */ = {isa = PBXFileReference; lastKnownFileType = sourcecode.swift; path = WelcomeViewController.swift; sourceTree = "<group>"; };
		486EDE5F29C57E0600FA425B /* RegisterViewController.swift */ = {isa = PBXFileReference; lastKnownFileType = sourcecode.swift; path = RegisterViewController.swift; sourceTree = "<group>"; };
		486EDE6129C57E2600FA425B /* ChatViewController.swift */ = {isa = PBXFileReference; lastKnownFileType = sourcecode.swift; path = ChatViewController.swift; sourceTree = "<group>"; };
		486EDE6329C57E4D00FA425B /* LoginViewController.swift */ = {isa = PBXFileReference; lastKnownFileType = sourcecode.swift; path = LoginViewController.swift; sourceTree = "<group>"; };
		486EDE6529C6D7CC00FA425B /* GoogleService-Info.plist */ = {isa = PBXFileReference; fileEncoding = 4; lastKnownFileType = text.plist.xml; path = "GoogleService-Info.plist"; sourceTree = "<group>"; };
		486EDE6729C6E24B00FA425B /* ValidationsCheck.swift */ = {isa = PBXFileReference; lastKnownFileType = sourcecode.swift; path = ValidationsCheck.swift; sourceTree = "<group>"; };
		639811E79A9FF107DA495FB4 /* Pods-Flash-Chat.release.xcconfig */ = {isa = PBXFileReference; includeInIndex = 1; lastKnownFileType = text.xcconfig; name = "Pods-Flash-Chat.release.xcconfig"; path = "Target Support Files/Pods-Flash-Chat/Pods-Flash-Chat.release.xcconfig"; sourceTree = "<group>"; };
		76CE0328D60356E0C142F2A1 /* Pods_Flash_Chat.framework */ = {isa = PBXFileReference; explicitFileType = wrapper.framework; includeInIndex = 0; path = Pods_Flash_Chat.framework; sourceTree = BUILT_PRODUCTS_DIR; };
/* End PBXFileReference section */

/* Begin PBXFrameworksBuildPhase section */
		486EDE4029C57C4A00FA425B /* Frameworks */ = {
			isa = PBXFrameworksBuildPhase;
			buildActionMask = 2147483647;
			files = (
				AE092682D716F08B4A3B3E0E /* Pods_Flash_Chat.framework in Frameworks */,
			);
			runOnlyForDeploymentPostprocessing = 0;
		};
/* End PBXFrameworksBuildPhase section */

/* Begin PBXGroup section */
		07AE514EAFEFE56633E7BD53 /* Pods */ = {
			isa = PBXGroup;
			children = (
				18B328E0330BA14B0CEA8494 /* Pods-Flash-Chat.debug.xcconfig */,
				639811E79A9FF107DA495FB4 /* Pods-Flash-Chat.release.xcconfig */,
			);
			path = Pods;
			sourceTree = "<group>";
		};
		486EDE3A29C57C4A00FA425B = {
			isa = PBXGroup;
			children = (
				486EDE4529C57C4A00FA425B /* Flash-Chat */,
				486EDE4429C57C4A00FA425B /* Products */,
				07AE514EAFEFE56633E7BD53 /* Pods */,
				EDDD12302C9580C2211D8DB9 /* Frameworks */,
			);
			sourceTree = "<group>";
		};
		486EDE4429C57C4A00FA425B /* Products */ = {
			isa = PBXGroup;
			children = (
				486EDE4329C57C4A00FA425B /* Flash-Chat.app */,
			);
			name = Products;
			sourceTree = "<group>";
		};
		486EDE4529C57C4A00FA425B /* Flash-Chat */ = {
			isa = PBXGroup;
			children = (
				486EDE4629C57C4A00FA425B /* AppDelegate.swift */,
				486EDE4829C57C4A00FA425B /* SceneDelegate.swift */,
				486EDE5C29C57D1300FA425B /* Models */,
				486EDE5B29C57D0700FA425B /* Controllers */,
				486EDE5A29C57CEA00FA425B /* Views */,
				486EDE4F29C57C4B00FA425B /* Assets.xcassets */,
				486EDE5129C57C4B00FA425B /* LaunchScreen.storyboard */,
				486EDE5429C57C4B00FA425B /* Info.plist */,
				486EDE6529C6D7CC00FA425B /* GoogleService-Info.plist */,
			);
			path = "Flash-Chat";
			sourceTree = "<group>";
		};
		486EDE5A29C57CEA00FA425B /* Views */ = {
			isa = PBXGroup;
			children = (
				486EDE4C29C57C4A00FA425B /* Main.storyboard */,
			);
			path = Views;
			sourceTree = "<group>";
		};
		486EDE5B29C57D0700FA425B /* Controllers */ = {
			isa = PBXGroup;
			children = (
				486EDE5D29C57DCC00FA425B /* WelcomeViewController.swift */,
				486EDE5F29C57E0600FA425B /* RegisterViewController.swift */,
				486EDE6329C57E4D00FA425B /* LoginViewController.swift */,
				486EDE6129C57E2600FA425B /* ChatViewController.swift */,
			);
			path = Controllers;
			sourceTree = "<group>";
		};
		486EDE5C29C57D1300FA425B /* Models */ = {
			isa = PBXGroup;
			children = (
				486EDE6729C6E24B00FA425B /* ValidationsCheck.swift */,
			);
			name = Models;
			sourceTree = "<group>";
		};
		EDDD12302C9580C2211D8DB9 /* Frameworks */ = {
			isa = PBXGroup;
			children = (
				76CE0328D60356E0C142F2A1 /* Pods_Flash_Chat.framework */,
			);
			name = Frameworks;
			sourceTree = "<group>";
		};
/* End PBXGroup section */

/* Begin PBXNativeTarget section */
		486EDE4229C57C4A00FA425B /* Flash-Chat */ = {
			isa = PBXNativeTarget;
			buildConfigurationList = 486EDE5729C57C4B00FA425B /* Build configuration list for PBXNativeTarget "Flash-Chat" */;
			buildPhases = (
				681EC90A48F91C94F7C71FEB /* [CP] Check Pods Manifest.lock */,
				486EDE3F29C57C4A00FA425B /* Sources */,
				486EDE4029C57C4A00FA425B /* Frameworks */,
				486EDE4129C57C4A00FA425B /* Resources */,
				3EDB7C4D7342CA48A413BD68 /* [CP] Embed Pods Frameworks */,
			);
			buildRules = (
			);
			dependencies = (
			);
			name = "Flash-Chat";
			productName = "Flash-Chat";
			productReference = 486EDE4329C57C4A00FA425B /* Flash-Chat.app */;
			productType = "com.apple.product-type.application";
		};
/* End PBXNativeTarget section */

/* Begin PBXProject section */
		486EDE3B29C57C4A00FA425B /* Project object */ = {
			isa = PBXProject;
			attributes = {
				BuildIndependentTargetsInParallel = 1;
				LastSwiftUpdateCheck = 1420;
				LastUpgradeCheck = 1420;
				TargetAttributes = {
					486EDE4229C57C4A00FA425B = {
						CreatedOnToolsVersion = 14.2;
					};
				};
			};
			buildConfigurationList = 486EDE3E29C57C4A00FA425B /* Build configuration list for PBXProject "Flash-Chat" */;
			compatibilityVersion = "Xcode 14.0";
			developmentRegion = en;
			hasScannedForEncodings = 0;
			knownRegions = (
				en,
				Base,
			);
			mainGroup = 486EDE3A29C57C4A00FA425B;
			productRefGroup = 486EDE4429C57C4A00FA425B /* Products */;
			projectDirPath = "";
			projectRoot = "";
			targets = (
				486EDE4229C57C4A00FA425B /* Flash-Chat */,
			);
		};
/* End PBXProject section */

/* Begin PBXResourcesBuildPhase section */
		486EDE4129C57C4A00FA425B /* Resources */ = {
			isa = PBXResourcesBuildPhase;
			buildActionMask = 2147483647;
			files = (
				486EDE5329C57C4B00FA425B /* LaunchScreen.storyboard in Resources */,
				486EDE6629C6D7CC00FA425B /* GoogleService-Info.plist in Resources */,
				486EDE5029C57C4B00FA425B /* Assets.xcassets in Resources */,
				486EDE4E29C57C4A00FA425B /* Main.storyboard in Resources */,
			);
			runOnlyForDeploymentPostprocessing = 0;
		};
/* End PBXResourcesBuildPhase section */

/* Begin PBXShellScriptBuildPhase section */
		3EDB7C4D7342CA48A413BD68 /* [CP] Embed Pods Frameworks */ = {
			isa = PBXShellScriptBuildPhase;
			buildActionMask = 2147483647;
			files = (
			);
			inputFileListPaths = (
				"${PODS_ROOT}/Target Support Files/Pods-Flash-Chat/Pods-Flash-Chat-frameworks-${CONFIGURATION}-input-files.xcfilelist",
			);
			name = "[CP] Embed Pods Frameworks";
			outputFileListPaths = (
				"${PODS_ROOT}/Target Support Files/Pods-Flash-Chat/Pods-Flash-Chat-frameworks-${CONFIGURATION}-output-files.xcfilelist",
			);
			runOnlyForDeploymentPostprocessing = 0;
			shellPath = /bin/sh;
			shellScript = "\"${PODS_ROOT}/Target Support Files/Pods-Flash-Chat/Pods-Flash-Chat-frameworks.sh\"\n";
			showEnvVarsInLog = 0;
		};
		681EC90A48F91C94F7C71FEB /* [CP] Check Pods Manifest.lock */ = {
			isa = PBXShellScriptBuildPhase;
			buildActionMask = 2147483647;
			files = (
			);
			inputFileListPaths = (
			);
			inputPaths = (
				"${PODS_PODFILE_DIR_PATH}/Podfile.lock",
				"${PODS_ROOT}/Manifest.lock",
			);
			name = "[CP] Check Pods Manifest.lock";
			outputFileListPaths = (
			);
			outputPaths = (
				"$(DERIVED_FILE_DIR)/Pods-Flash-Chat-checkManifestLockResult.txt",
			);
			runOnlyForDeploymentPostprocessing = 0;
			shellPath = /bin/sh;
			shellScript = "diff \"${PODS_PODFILE_DIR_PATH}/Podfile.lock\" \"${PODS_ROOT}/Manifest.lock\" > /dev/null\nif [ $? != 0 ] ; then\n    # print error to STDERR\n    echo \"error: The sandbox is not in sync with the Podfile.lock. Run 'pod install' or update your CocoaPods installation.\" >&2\n    exit 1\nfi\n# This output is used by Xcode 'outputs' to avoid re-running this script phase.\necho \"SUCCESS\" > \"${SCRIPT_OUTPUT_FILE_0}\"\n";
			showEnvVarsInLog = 0;
		};
/* End PBXShellScriptBuildPhase section */

/* Begin PBXSourcesBuildPhase section */
		486EDE3F29C57C4A00FA425B /* Sources */ = {
			isa = PBXSourcesBuildPhase;
			buildActionMask = 2147483647;
			files = (
				486EDE6429C57E4D00FA425B /* LoginViewController.swift in Sources */,
				486EDE5E29C57DCC00FA425B /* WelcomeViewController.swift in Sources */,
				486EDE4729C57C4A00FA425B /* AppDelegate.swift in Sources */,
				486EDE4929C57C4A00FA425B /* SceneDelegate.swift in Sources */,
				486EDE6229C57E2600FA425B /* ChatViewController.swift in Sources */,
				486EDE6829C6E24B00FA425B /* ValidationsCheck.swift in Sources */,
				486EDE6029C57E0600FA425B /* RegisterViewController.swift in Sources */,
			);
			runOnlyForDeploymentPostprocessing = 0;
		};
/* End PBXSourcesBuildPhase section */

/* Begin PBXVariantGroup section */
		486EDE4C29C57C4A00FA425B /* Main.storyboard */ = {
			isa = PBXVariantGroup;
			children = (
				486EDE4D29C57C4A00FA425B /* Base */,
			);
			name = Main.storyboard;
			sourceTree = "<group>";
		};
		486EDE5129C57C4B00FA425B /* LaunchScreen.storyboard */ = {
			isa = PBXVariantGroup;
			children = (
				486EDE5229C57C4B00FA425B /* Base */,
			);
			name = LaunchScreen.storyboard;
			sourceTree = "<group>";
		};
/* End PBXVariantGroup section */

/* Begin XCBuildConfiguration section */
		486EDE5529C57C4B00FA425B /* Debug */ = {
			isa = XCBuildConfiguration;
			buildSettings = {
				ALWAYS_SEARCH_USER_PATHS = NO;
				CLANG_ANALYZER_NONNULL = YES;
				CLANG_ANALYZER_NUMBER_OBJECT_CONVERSION = YES_AGGRESSIVE;
				CLANG_CXX_LANGUAGE_STANDARD = "gnu++20";
				CLANG_ENABLE_MODULES = YES;
				CLANG_ENABLE_OBJC_ARC = YES;
				CLANG_ENABLE_OBJC_WEAK = YES;
				CLANG_WARN_BLOCK_CAPTURE_AUTORELEASING = YES;
				CLANG_WARN_BOOL_CONVERSION = YES;
				CLANG_WARN_COMMA = YES;
				CLANG_WARN_CONSTANT_CONVERSION = YES;
				CLANG_WARN_DEPRECATED_OBJC_IMPLEMENTATIONS = YES;
				CLANG_WARN_DIRECT_OBJC_ISA_USAGE = YES_ERROR;
				CLANG_WARN_DOCUMENTATION_COMMENTS = YES;
				CLANG_WARN_EMPTY_BODY = YES;
				CLANG_WARN_ENUM_CONVERSION = YES;
				CLANG_WARN_INFINITE_RECURSION = YES;
				CLANG_WARN_INT_CONVERSION = YES;
				CLANG_WARN_NON_LITERAL_NULL_CONVERSION = YES;
				CLANG_WARN_OBJC_IMPLICIT_RETAIN_SELF = YES;
				CLANG_WARN_OBJC_LITERAL_CONVERSION = YES;
				CLANG_WARN_OBJC_ROOT_CLASS = YES_ERROR;
				CLANG_WARN_QUOTED_INCLUDE_IN_FRAMEWORK_HEADER = YES;
				CLANG_WARN_RANGE_LOOP_ANALYSIS = YES;
				CLANG_WARN_STRICT_PROTOTYPES = YES;
				CLANG_WARN_SUSPICIOUS_MOVE = YES;
				CLANG_WARN_UNGUARDED_AVAILABILITY = YES_AGGRESSIVE;
				CLANG_WARN_UNREACHABLE_CODE = YES;
				CLANG_WARN__DUPLICATE_METHOD_MATCH = YES;
				COPY_PHASE_STRIP = NO;
				DEBUG_INFORMATION_FORMAT = dwarf;
				ENABLE_STRICT_OBJC_MSGSEND = YES;
				ENABLE_TESTABILITY = YES;
				GCC_C_LANGUAGE_STANDARD = gnu11;
				GCC_DYNAMIC_NO_PIC = NO;
				GCC_NO_COMMON_BLOCKS = YES;
				GCC_OPTIMIZATION_LEVEL = 0;
				GCC_PREPROCESSOR_DEFINITIONS = (
					"DEBUG=1",
					"$(inherited)",
				);
				GCC_WARN_64_TO_32_BIT_CONVERSION = YES;
				GCC_WARN_ABOUT_RETURN_TYPE = YES_ERROR;
				GCC_WARN_UNDECLARED_SELECTOR = YES;
				GCC_WARN_UNINITIALIZED_AUTOS = YES_AGGRESSIVE;
				GCC_WARN_UNUSED_FUNCTION = YES;
				GCC_WARN_UNUSED_VARIABLE = YES;
				IPHONEOS_DEPLOYMENT_TARGET = 16.2;
				MTL_ENABLE_DEBUG_INFO = INCLUDE_SOURCE;
				MTL_FAST_MATH = YES;
				ONLY_ACTIVE_ARCH = YES;
				SDKROOT = iphoneos;
				SWIFT_ACTIVE_COMPILATION_CONDITIONS = DEBUG;
				SWIFT_OPTIMIZATION_LEVEL = "-Onone";
			};
			name = Debug;
		};
		486EDE5629C57C4B00FA425B /* Release */ = {
			isa = XCBuildConfiguration;
			buildSettings = {
				ALWAYS_SEARCH_USER_PATHS = NO;
				CLANG_ANALYZER_NONNULL = YES;
				CLANG_ANALYZER_NUMBER_OBJECT_CONVERSION = YES_AGGRESSIVE;
				CLANG_CXX_LANGUAGE_STANDARD = "gnu++20";
				CLANG_ENABLE_MODULES = YES;
				CLANG_ENABLE_OBJC_ARC = YES;
				CLANG_ENABLE_OBJC_WEAK = YES;
				CLANG_WARN_BLOCK_CAPTURE_AUTORELEASING = YES;
				CLANG_WARN_BOOL_CONVERSION = YES;
				CLANG_WARN_COMMA = YES;
				CLANG_WARN_CONSTANT_CONVERSION = YES;
				CLANG_WARN_DEPRECATED_OBJC_IMPLEMENTATIONS = YES;
				CLANG_WARN_DIRECT_OBJC_ISA_USAGE = YES_ERROR;
				CLANG_WARN_DOCUMENTATION_COMMENTS = YES;
				CLANG_WARN_EMPTY_BODY = YES;
				CLANG_WARN_ENUM_CONVERSION = YES;
				CLANG_WARN_INFINITE_RECURSION = YES;
				CLANG_WARN_INT_CONVERSION = YES;
				CLANG_WARN_NON_LITERAL_NULL_CONVERSION = YES;
				CLANG_WARN_OBJC_IMPLICIT_RETAIN_SELF = YES;
				CLANG_WARN_OBJC_LITERAL_CONVERSION = YES;
				CLANG_WARN_OBJC_ROOT_CLASS = YES_ERROR;
				CLANG_WARN_QUOTED_INCLUDE_IN_FRAMEWORK_HEADER = YES;
				CLANG_WARN_RANGE_LOOP_ANALYSIS = YES;
				CLANG_WARN_STRICT_PROTOTYPES = YES;
				CLANG_WARN_SUSPICIOUS_MOVE = YES;
				CLANG_WARN_UNGUARDED_AVAILABILITY = YES_AGGRESSIVE;
				CLANG_WARN_UNREACHABLE_CODE = YES;
				CLANG_WARN__DUPLICATE_METHOD_MATCH = YES;
				COPY_PHASE_STRIP = NO;
				DEBUG_INFORMATION_FORMAT = "dwarf-with-dsym";
				ENABLE_NS_ASSERTIONS = NO;
				ENABLE_STRICT_OBJC_MSGSEND = YES;
				GCC_C_LANGUAGE_STANDARD = gnu11;
				GCC_NO_COMMON_BLOCKS = YES;
				GCC_WARN_64_TO_32_BIT_CONVERSION = YES;
				GCC_WARN_ABOUT_RETURN_TYPE = YES_ERROR;
				GCC_WARN_UNDECLARED_SELECTOR = YES;
				GCC_WARN_UNINITIALIZED_AUTOS = YES_AGGRESSIVE;
				GCC_WARN_UNUSED_FUNCTION = YES;
				GCC_WARN_UNUSED_VARIABLE = YES;
				IPHONEOS_DEPLOYMENT_TARGET = 16.2;
				MTL_ENABLE_DEBUG_INFO = NO;
				MTL_FAST_MATH = YES;
				SDKROOT = iphoneos;
				SWIFT_COMPILATION_MODE = wholemodule;
				SWIFT_OPTIMIZATION_LEVEL = "-O";
				VALIDATE_PRODUCT = YES;
			};
			name = Release;
		};
		486EDE5829C57C4B00FA425B /* Debug */ = {
			isa = XCBuildConfiguration;
			baseConfigurationReference = 18B328E0330BA14B0CEA8494 /* Pods-Flash-Chat.debug.xcconfig */;
			buildSettings = {
				ASSETCATALOG_COMPILER_APPICON_NAME = AppIcon;
				ASSETCATALOG_COMPILER_GLOBAL_ACCENT_COLOR_NAME = AccentColor;
				CODE_SIGN_STYLE = Automatic;
				CURRENT_PROJECT_VERSION = 1;
				DEVELOPMENT_TEAM = 63N9M44LL4;
				GENERATE_INFOPLIST_FILE = YES;
				INFOPLIST_FILE = "Flash-Chat/Info.plist";
				INFOPLIST_KEY_UIApplicationSupportsIndirectInputEvents = YES;
				INFOPLIST_KEY_UILaunchStoryboardName = LaunchScreen;
				INFOPLIST_KEY_UIMainStoryboardFile = Main;
				INFOPLIST_KEY_UISupportedInterfaceOrientations_iPad = "UIInterfaceOrientationPortrait UIInterfaceOrientationPortraitUpsideDown UIInterfaceOrientationLandscapeLeft UIInterfaceOrientationLandscapeRight";
				INFOPLIST_KEY_UISupportedInterfaceOrientations_iPhone = "UIInterfaceOrientationPortrait UIInterfaceOrientationLandscapeLeft UIInterfaceOrientationLandscapeRight";
				LD_RUNPATH_SEARCH_PATHS = (
					"$(inherited)",
					"@executable_path/Frameworks",
				);
				MARKETING_VERSION = 1.0;
				PRODUCT_BUNDLE_IDENTIFIER = "com.tycoon23.Flash-Chat";
				PRODUCT_NAME = "$(TARGET_NAME)";
				SWIFT_EMIT_LOC_STRINGS = YES;
				SWIFT_VERSION = 5.0;
				TARGETED_DEVICE_FAMILY = "1,2";
			};
			name = Debug;
		};
		486EDE5929C57C4B00FA425B /* Release */ = {
			isa = XCBuildConfiguration;
			baseConfigurationReference = 639811E79A9FF107DA495FB4 /* Pods-Flash-Chat.release.xcconfig */;
			buildSettings = {
				ASSETCATALOG_COMPILER_APPICON_NAME = AppIcon;
				ASSETCATALOG_COMPILER_GLOBAL_ACCENT_COLOR_NAME = AccentColor;
				CODE_SIGN_STYLE = Automatic;
				CURRENT_PROJECT_VERSION = 1;
				DEVELOPMENT_TEAM = 63N9M44LL4;
				GENERATE_INFOPLIST_FILE = YES;
				INFOPLIST_FILE = "Flash-Chat/Info.plist";
				INFOPLIST_KEY_UIApplicationSupportsIndirectInputEvents = YES;
				INFOPLIST_KEY_UILaunchStoryboardName = LaunchScreen;
				INFOPLIST_KEY_UIMainStoryboardFile = Main;
				INFOPLIST_KEY_UISupportedInterfaceOrientations_iPad = "UIInterfaceOrientationPortrait UIInterfaceOrientationPortraitUpsideDown UIInterfaceOrientationLandscapeLeft UIInterfaceOrientationLandscapeRight";
				INFOPLIST_KEY_UISupportedInterfaceOrientations_iPhone = "UIInterfaceOrientationPortrait UIInterfaceOrientationLandscapeLeft UIInterfaceOrientationLandscapeRight";
				LD_RUNPATH_SEARCH_PATHS = (
					"$(inherited)",
					"@executable_path/Frameworks",
				);
				MARKETING_VERSION = 1.0;
				PRODUCT_BUNDLE_IDENTIFIER = "com.tycoon23.Flash-Chat";
				PRODUCT_NAME = "$(TARGET_NAME)";
				SWIFT_EMIT_LOC_STRINGS = YES;
				SWIFT_VERSION = 5.0;
				TARGETED_DEVICE_FAMILY = "1,2";
			};
			name = Release;
		};
/* End XCBuildConfiguration section */

/* Begin XCConfigurationList section */
		486EDE3E29C57C4A00FA425B /* Build configuration list for PBXProject "Flash-Chat" */ = {
			isa = XCConfigurationList;
			buildConfigurations = (
				486EDE5529C57C4B00FA425B /* Debug */,
				486EDE5629C57C4B00FA425B /* Release */,
			);
			defaultConfigurationIsVisible = 0;
			defaultConfigurationName = Release;
		};
		486EDE5729C57C4B00FA425B /* Build configuration list for PBXNativeTarget "Flash-Chat" */ = {
			isa = XCConfigurationList;
			buildConfigurations = (
				486EDE5829C57C4B00FA425B /* Debug */,
				486EDE5929C57C4B00FA425B /* Release */,
			);
			defaultConfigurationIsVisible = 0;
			defaultConfigurationName = Release;
		};
/* End XCConfigurationList section */
	};
	rootObject = 486EDE3B29C57C4A00FA425B /* Project object */;
}
